
Microsoft Visual Studio Solution File, Format Version 12.00
# Visual Studio Version 17
VisualStudioVersion = 17.0.32126.317
MinimumVisualStudioVersion = 10.0.40219.1
Project("{FAE04EC0-301F-11D3-BF4B-00C04F79EFBC}") = "RosePerfumeWebApp", "WebShopTivi\RosePerfumeWebApp.csproj", "{457328B0-572D-4355-8F4D-F8D695F931E6}"
EndProject
Global
	GlobalSection(SolutionConfigurationPlatforms) = preSolution
		Debug|Any CPU = Debug|Any CPU
		Release|Any CPU = Release|Any CPU
	EndGlobalSection
	GlobalSection(ProjectConfigurationPlatforms) = postSolution
		{457328B0-572D-4355-8F4D-F8D695F931E6}.Debug|Any CPU.ActiveCfg = Debug|Any CPU
		{457328B0-572D-4355-8F4D-F8D695F931E6}.Debug|Any CPU.Build.0 = Debug|Any CPU
		{457328B0-572D-4355-8F4D-F8D695F931E6}.Release|Any CPU.ActiveCfg = Release|Any CPU
		{457328B0-572D-4355-8F4D-F8D695F931E6}.Release|Any CPU.Build.0 = Release|Any CPU
	EndGlobalSection
	GlobalSection(SolutionProperties) = preSolution
		HideSolutionNode = FALSE
	EndGlobalSection
	GlobalSection(ExtensibilityGlobals) = postSolution
		SolutionGuid = {8231D640-7ED0-48EC-8F13-C4EF1E4D466B}
	EndGlobalSection
EndGlobal
